// !$*UTF8*$!
{
	archiveVersion = 1;
	classes = {
	};
	objectVersion = 50;
	objects = {

/* Begin PBXBuildFile section */
		1030CDE322D2DE4E00F5154E /* TYInput.swift in Sources */ = {isa = PBXBuildFile; fileRef = 1030CDE222D2DE4E00F5154E /* TYInput.swift */; };
		1030CDE522D2E3E700F5154E /* TYTextField.swift in Sources */ = {isa = PBXBuildFile; fileRef = 1030CDE422D2E3E700F5154E /* TYTextField.swift */; };
		1030CDE822D2E73F00F5154E /* UIView.swift in Sources */ = {isa = PBXBuildFile; fileRef = 1030CDE722D2E73F00F5154E /* UIView.swift */; };
		10B779CA22D4E0B6004E1532 /* Country.swift in Sources */ = {isa = PBXBuildFile; fileRef = 10B779C922D4E0B6004E1532 /* Country.swift */; };
		10B779CC22D4EB27004E1532 /* CountryListController.swift in Sources */ = {isa = PBXBuildFile; fileRef = 10B779CB22D4EB27004E1532 /* CountryListController.swift */; };
		10B779CE22D4ED04004E1532 /* countries in Resources */ = {isa = PBXBuildFile; fileRef = 10B779CD22D4ED04004E1532 /* countries */; };
		8E1DB09622D51157004E93BD /* UIFont.swift in Sources */ = {isa = PBXBuildFile; fileRef = 8E1DB09522D51157004E93BD /* UIFont.swift */; };
		8E1DB09922D5430C004E93BD /* UIColor.swift in Sources */ = {isa = PBXBuildFile; fileRef = 8E1DB09822D5430C004E93BD /* UIColor.swift */; };
		8E1DB09B22D548CD004E93BD /* String.swift in Sources */ = {isa = PBXBuildFile; fileRef = 8E1DB09A22D548CD004E93BD /* String.swift */; };
		8E1DB09D22D55AB2004E93BD /* TYCodeTextField.swift in Sources */ = {isa = PBXBuildFile; fileRef = 8E1DB09C22D55AB2004E93BD /* TYCodeTextField.swift */; };
		8E227EA722D7BB8F009D4CA1 /* NotificationName.swift in Sources */ = {isa = PBXBuildFile; fileRef = 8E227EA622D7BB8F009D4CA1 /* NotificationName.swift */; };
		8E2DBF1822CD25DA00EC71FD /* AppDelegate.swift in Sources */ = {isa = PBXBuildFile; fileRef = 8E2DBF1722CD25DA00EC71FD /* AppDelegate.swift */; };
		8E2DBF1C22CD25DA00EC71FD /* ViewController.swift in Sources */ = {isa = PBXBuildFile; fileRef = 8E2DBF1B22CD25DA00EC71FD /* ViewController.swift */; };
		8E2DBF2122CD25DC00EC71FD /* Assets.xcassets in Resources */ = {isa = PBXBuildFile; fileRef = 8E2DBF2022CD25DC00EC71FD /* Assets.xcassets */; };
		8E2DBF2E22CD4CC600EC71FD /* TYLabel.swift in Sources */ = {isa = PBXBuildFile; fileRef = 8E2DBF2D22CD4CC600EC71FD /* TYLabel.swift */; };
		8EB6969E22D94F6300A988C1 /* TYButton.swift in Sources */ = {isa = PBXBuildFile; fileRef = 8EB6969D22D94F6300A988C1 /* TYButton.swift */; };
		8EB78C8F22DD23D300C208C5 /* SpinView.swift in Sources */ = {isa = PBXBuildFile; fileRef = 8EB78C8E22DD23D300C208C5 /* SpinView.swift */; };
		8EB78C9122DD539700C208C5 /* UIImage.swift in Sources */ = {isa = PBXBuildFile; fileRef = 8EB78C9022DD539700C208C5 /* UIImage.swift */; };
		8ED0414E22DE38B300BA795F /* LoginViewController.swift in Sources */ = {isa = PBXBuildFile; fileRef = 8ED0414D22DE38B300BA795F /* LoginViewController.swift */; };
		8ED0415122DE39ED00BA795F /* StartBaseViewController.swift in Sources */ = {isa = PBXBuildFile; fileRef = 8ED0415022DE39ED00BA795F /* StartBaseViewController.swift */; };
		8ED0415322DE952A00BA795F /* Validator.swift in Sources */ = {isa = PBXBuildFile; fileRef = 8ED0415222DE952A00BA795F /* Validator.swift */; };
		8ED0415522DEA64E00BA795F /* APIService.swift in Sources */ = {isa = PBXBuildFile; fileRef = 8ED0415422DEA64E00BA795F /* APIService.swift */; };
		ADB8204D9D77586A6078C914 /* Pods_NewStartPart.framework in Frameworks */ = {isa = PBXBuildFile; fileRef = 22522DA8BDB4DFF32405EBC1 /* Pods_NewStartPart.framework */; };
/* End PBXBuildFile section */

/* Begin PBXFileReference section */
		1030CDE222D2DE4E00F5154E /* TYInput.swift */ = {isa = PBXFileReference; lastKnownFileType = sourcecode.swift; path = TYInput.swift; sourceTree = "<group>"; };
		1030CDE422D2E3E700F5154E /* TYTextField.swift */ = {isa = PBXFileReference; lastKnownFileType = sourcecode.swift; path = TYTextField.swift; sourceTree = "<group>"; };
		1030CDE722D2E73F00F5154E /* UIView.swift */ = {isa = PBXFileReference; lastKnownFileType = sourcecode.swift; path = UIView.swift; sourceTree = "<group>"; };
		10B779C922D4E0B6004E1532 /* Country.swift */ = {isa = PBXFileReference; lastKnownFileType = sourcecode.swift; path = Country.swift; sourceTree = "<group>"; };
		10B779CB22D4EB27004E1532 /* CountryListController.swift */ = {isa = PBXFileReference; lastKnownFileType = sourcecode.swift; path = CountryListController.swift; sourceTree = "<group>"; };
		10B779CD22D4ED04004E1532 /* countries */ = {isa = PBXFileReference; fileEncoding = 4; lastKnownFileType = text; path = countries; sourceTree = "<group>"; };
		22522DA8BDB4DFF32405EBC1 /* Pods_NewStartPart.framework */ = {isa = PBXFileReference; explicitFileType = wrapper.framework; includeInIndex = 0; path = Pods_NewStartPart.framework; sourceTree = BUILT_PRODUCTS_DIR; };
		8E1DB09522D51157004E93BD /* UIFont.swift */ = {isa = PBXFileReference; lastKnownFileType = sourcecode.swift; path = UIFont.swift; sourceTree = "<group>"; };
		8E1DB09822D5430C004E93BD /* UIColor.swift */ = {isa = PBXFileReference; lastKnownFileType = sourcecode.swift; path = UIColor.swift; sourceTree = "<group>"; };
		8E1DB09A22D548CD004E93BD /* String.swift */ = {isa = PBXFileReference; lastKnownFileType = sourcecode.swift; path = String.swift; sourceTree = "<group>"; };
		8E1DB09C22D55AB2004E93BD /* TYCodeTextField.swift */ = {isa = PBXFileReference; lastKnownFileType = sourcecode.swift; path = TYCodeTextField.swift; sourceTree = "<group>"; };
		8E227EA622D7BB8F009D4CA1 /* NotificationName.swift */ = {isa = PBXFileReference; lastKnownFileType = sourcecode.swift; path = NotificationName.swift; sourceTree = "<group>"; };
		8E2DBF1422CD25DA00EC71FD /* NewStartPart.app */ = {isa = PBXFileReference; explicitFileType = wrapper.application; includeInIndex = 0; path = NewStartPart.app; sourceTree = BUILT_PRODUCTS_DIR; };
		8E2DBF1722CD25DA00EC71FD /* AppDelegate.swift */ = {isa = PBXFileReference; lastKnownFileType = sourcecode.swift; path = AppDelegate.swift; sourceTree = "<group>"; };
		8E2DBF1B22CD25DA00EC71FD /* ViewController.swift */ = {isa = PBXFileReference; lastKnownFileType = sourcecode.swift; path = ViewController.swift; sourceTree = "<group>"; };
		8E2DBF2022CD25DC00EC71FD /* Assets.xcassets */ = {isa = PBXFileReference; lastKnownFileType = folder.assetcatalog; path = Assets.xcassets; sourceTree = "<group>"; };
		8E2DBF2522CD25DC00EC71FD /* Info.plist */ = {isa = PBXFileReference; lastKnownFileType = text.plist.xml; path = Info.plist; sourceTree = "<group>"; };
		8E2DBF2D22CD4CC600EC71FD /* TYLabel.swift */ = {isa = PBXFileReference; lastKnownFileType = sourcecode.swift; path = TYLabel.swift; sourceTree = "<group>"; };
		8EB6969D22D94F6300A988C1 /* TYButton.swift */ = {isa = PBXFileReference; lastKnownFileType = sourcecode.swift; path = TYButton.swift; sourceTree = "<group>"; };
		8EB78C8E22DD23D300C208C5 /* SpinView.swift */ = {isa = PBXFileReference; lastKnownFileType = sourcecode.swift; path = SpinView.swift; sourceTree = "<group>"; };
		8EB78C9022DD539700C208C5 /* UIImage.swift */ = {isa = PBXFileReference; lastKnownFileType = sourcecode.swift; path = UIImage.swift; sourceTree = "<group>"; };
		8ED0414D22DE38B300BA795F /* LoginViewController.swift */ = {isa = PBXFileReference; lastKnownFileType = sourcecode.swift; path = LoginViewController.swift; sourceTree = "<group>"; };
		8ED0415022DE39ED00BA795F /* StartBaseViewController.swift */ = {isa = PBXFileReference; lastKnownFileType = sourcecode.swift; path = StartBaseViewController.swift; sourceTree = "<group>"; };
		8ED0415222DE952A00BA795F /* Validator.swift */ = {isa = PBXFileReference; lastKnownFileType = sourcecode.swift; path = Validator.swift; sourceTree = "<group>"; };
		8ED0415422DEA64E00BA795F /* APIService.swift */ = {isa = PBXFileReference; fileEncoding = 4; lastKnownFileType = sourcecode.swift; path = APIService.swift; sourceTree = "<group>"; };
		9BAE0BA8926FB694949C6F6A /* Pods-NewStartPart.debug.xcconfig */ = {isa = PBXFileReference; includeInIndex = 1; lastKnownFileType = text.xcconfig; name = "Pods-NewStartPart.debug.xcconfig"; path = "Pods/Target Support Files/Pods-NewStartPart/Pods-NewStartPart.debug.xcconfig"; sourceTree = "<group>"; };
		D69069F5513A3F160C23F628 /* Pods-NewStartPart.release.xcconfig */ = {isa = PBXFileReference; includeInIndex = 1; lastKnownFileType = text.xcconfig; name = "Pods-NewStartPart.release.xcconfig"; path = "Pods/Target Support Files/Pods-NewStartPart/Pods-NewStartPart.release.xcconfig"; sourceTree = "<group>"; };
/* End PBXFileReference section */

/* Begin PBXFrameworksBuildPhase section */
		8E2DBF1122CD25DA00EC71FD /* Frameworks */ = {
			isa = PBXFrameworksBuildPhase;
			buildActionMask = 2147483647;
			files = (
				ADB8204D9D77586A6078C914 /* Pods_NewStartPart.framework in Frameworks */,
			);
			runOnlyForDeploymentPostprocessing = 0;
		};
/* End PBXFrameworksBuildPhase section */

/* Begin PBXGroup section */
		7D4CFB5B9F0505CA0776CFD3 /* Frameworks */ = {
			isa = PBXGroup;
			children = (
				22522DA8BDB4DFF32405EBC1 /* Pods_NewStartPart.framework */,
			);
			name = Frameworks;
			sourceTree = "<group>";
		};
		8E1DB09722D542CE004E93BD /* Extensions */ = {
			isa = PBXGroup;
			children = (
				1030CDE722D2E73F00F5154E /* UIView.swift */,
				8E1DB09522D51157004E93BD /* UIFont.swift */,
				8E1DB09822D5430C004E93BD /* UIColor.swift */,
				8E1DB09A22D548CD004E93BD /* String.swift */,
				8E227EA622D7BB8F009D4CA1 /* NotificationName.swift */,
				8EB78C9022DD539700C208C5 /* UIImage.swift */,
			);
			path = Extensions;
			sourceTree = "<group>";
		};
		8E2DBF0B22CD25DA00EC71FD = {
			isa = PBXGroup;
			children = (
				8E2DBF1622CD25DA00EC71FD /* NewStartPart */,
				8E2DBF1522CD25DA00EC71FD /* Products */,
				96F7F7BC672E08B1093673DF /* Pods */,
				7D4CFB5B9F0505CA0776CFD3 /* Frameworks */,
			);
			sourceTree = "<group>";
		};
		8E2DBF1522CD25DA00EC71FD /* Products */ = {
			isa = PBXGroup;
			children = (
				8E2DBF1422CD25DA00EC71FD /* NewStartPart.app */,
			);
			name = Products;
			sourceTree = "<group>";
		};
		8E2DBF1622CD25DA00EC71FD /* NewStartPart */ = {
			isa = PBXGroup;
			children = (
				8E2DBF1722CD25DA00EC71FD /* AppDelegate.swift */,
				8E2DBF1B22CD25DA00EC71FD /* ViewController.swift */,
				8ED0415222DE952A00BA795F /* Validator.swift */,
				8ED0415422DEA64E00BA795F /* APIService.swift */,
				8ED0414F22DE38B700BA795F /* Controllers */,
				8EB6969C22D94F5600A988C1 /* TYButton */,
				8EB6969B22D94F4700A988C1 /* TYLabel */,
				8EB6969A22D9497400A988C1 /* TYInput */,
				8E1DB09722D542CE004E93BD /* Extensions */,
				8E2DBF2022CD25DC00EC71FD /* Assets.xcassets */,
				8E2DBF2522CD25DC00EC71FD /* Info.plist */,
			);
			path = NewStartPart;
			sourceTree = "<group>";
		};
		8EB6969A22D9497400A988C1 /* TYInput */ = {
			isa = PBXGroup;
			children = (
				1030CDE222D2DE4E00F5154E /* TYInput.swift */,
				10B779C922D4E0B6004E1532 /* Country.swift */,
				10B779CB22D4EB27004E1532 /* CountryListController.swift */,
				10B779CD22D4ED04004E1532 /* countries */,
				1030CDE422D2E3E700F5154E /* TYTextField.swift */,
				8E1DB09C22D55AB2004E93BD /* TYCodeTextField.swift */,
			);
			path = TYInput;
			sourceTree = "<group>";
		};
		8EB6969B22D94F4700A988C1 /* TYLabel */ = {
			isa = PBXGroup;
			children = (
				8E2DBF2D22CD4CC600EC71FD /* TYLabel.swift */,
			);
			path = TYLabel;
			sourceTree = "<group>";
		};
		8EB6969C22D94F5600A988C1 /* TYButton */ = {
			isa = PBXGroup;
			children = (
				8EB6969D22D94F6300A988C1 /* TYButton.swift */,
				8EB78C8E22DD23D300C208C5 /* SpinView.swift */,
			);
			path = TYButton;
			sourceTree = "<group>";
		};
		8ED0414F22DE38B700BA795F /* Controllers */ = {
			isa = PBXGroup;
			children = (
				8ED0414D22DE38B300BA795F /* LoginViewController.swift */,
				8ED0415022DE39ED00BA795F /* StartBaseViewController.swift */,
			);
			path = Controllers;
			sourceTree = "<group>";
		};
		96F7F7BC672E08B1093673DF /* Pods */ = {
			isa = PBXGroup;
			children = (
				9BAE0BA8926FB694949C6F6A /* Pods-NewStartPart.debug.xcconfig */,
				D69069F5513A3F160C23F628 /* Pods-NewStartPart.release.xcconfig */,
			);
			name = Pods;
			sourceTree = "<group>";
		};
/* End PBXGroup section */

/* Begin PBXNativeTarget section */
		8E2DBF1322CD25DA00EC71FD /* NewStartPart */ = {
			isa = PBXNativeTarget;
			buildConfigurationList = 8E2DBF2822CD25DC00EC71FD /* Build configuration list for PBXNativeTarget "NewStartPart" */;
			buildPhases = (
				03C3F6A2B586F53D80A1A00F /* [CP] Check Pods Manifest.lock */,
				8E2DBF1022CD25DA00EC71FD /* Sources */,
				8E2DBF1122CD25DA00EC71FD /* Frameworks */,
				8E2DBF1222CD25DA00EC71FD /* Resources */,
				AF60D4916176A9316EB818AC /* [CP] Embed Pods Frameworks */,
				B313A262DBABB73F60FE9FCD /* [CP] Copy Pods Resources */,
			);
			buildRules = (
			);
			dependencies = (
			);
			name = NewStartPart;
			productName = NewStartPart;
			productReference = 8E2DBF1422CD25DA00EC71FD /* NewStartPart.app */;
			productType = "com.apple.product-type.application";
		};
/* End PBXNativeTarget section */

/* Begin PBXProject section */
		8E2DBF0C22CD25DA00EC71FD /* Project object */ = {
			isa = PBXProject;
			attributes = {
				LastSwiftUpdateCheck = 1100;
				LastUpgradeCheck = 1100;
				ORGANIZATIONNAME = "Yi Tong";
				TargetAttributes = {
					8E2DBF1322CD25DA00EC71FD = {
						CreatedOnToolsVersion = 11.0;
					};
				};
			};
			buildConfigurationList = 8E2DBF0F22CD25DA00EC71FD /* Build configuration list for PBXProject "NewStartPart" */;
			compatibilityVersion = "Xcode 9.3";
			developmentRegion = en;
			hasScannedForEncodings = 0;
			knownRegions = (
				en,
				Base,
			);
			mainGroup = 8E2DBF0B22CD25DA00EC71FD;
			productRefGroup = 8E2DBF1522CD25DA00EC71FD /* Products */;
			projectDirPath = "";
			projectRoot = "";
			targets = (
				8E2DBF1322CD25DA00EC71FD /* NewStartPart */,
			);
		};
/* End PBXProject section */

/* Begin PBXResourcesBuildPhase section */
		8E2DBF1222CD25DA00EC71FD /* Resources */ = {
			isa = PBXResourcesBuildPhase;
			buildActionMask = 2147483647;
			files = (
				8E2DBF2122CD25DC00EC71FD /* Assets.xcassets in Resources */,
				10B779CE22D4ED04004E1532 /* countries in Resources */,
			);
			runOnlyForDeploymentPostprocessing = 0;
		};
/* End PBXResourcesBuildPhase section */

/* Begin PBXShellScriptBuildPhase section */
		03C3F6A2B586F53D80A1A00F /* [CP] Check Pods Manifest.lock */ = {
			isa = PBXShellScriptBuildPhase;
			buildActionMask = 2147483647;
			files = (
			);
			inputFileListPaths = (
			);
			inputPaths = (
				"${PODS_PODFILE_DIR_PATH}/Podfile.lock",
				"${PODS_ROOT}/Manifest.lock",
			);
			name = "[CP] Check Pods Manifest.lock";
			outputFileListPaths = (
			);
			outputPaths = (
				"$(DERIVED_FILE_DIR)/Pods-NewStartPart-checkManifestLockResult.txt",
			);
			runOnlyForDeploymentPostprocessing = 0;
			shellPath = /bin/sh;
			shellScript = "diff \"${PODS_PODFILE_DIR_PATH}/Podfile.lock\" \"${PODS_ROOT}/Manifest.lock\" > /dev/null\nif [ $? != 0 ] ; then\n    # print error to STDERR\n    echo \"error: The sandbox is not in sync with the Podfile.lock. Run 'pod install' or update your CocoaPods installation.\" >&2\n    exit 1\nfi\n# This output is used by Xcode 'outputs' to avoid re-running this script phase.\necho \"SUCCESS\" > \"${SCRIPT_OUTPUT_FILE_0}\"\n";
			showEnvVarsInLog = 0;
		};
		AF60D4916176A9316EB818AC /* [CP] Embed Pods Frameworks */ = {
			isa = PBXShellScriptBuildPhase;
			buildActionMask = 2147483647;
			files = (
			);
			inputFileListPaths = (
			);
			inputPaths = (
				"${SRCROOT}/Pods/Target Support Files/Pods-NewStartPart/Pods-NewStartPart-frameworks.sh",
				"${BUILT_PRODUCTS_DIR}/Alamofire/Alamofire.framework",
				"${BUILT_PRODUCTS_DIR}/PhoneNumberKit/PhoneNumberKit.framework",
				"${BUILT_PRODUCTS_DIR}/SnapKit/SnapKit.framework",
			);
			name = "[CP] Embed Pods Frameworks";
			outputFileListPaths = (
			);
			outputPaths = (
				"${TARGET_BUILD_DIR}/${FRAMEWORKS_FOLDER_PATH}/Alamofire.framework",
				"${TARGET_BUILD_DIR}/${FRAMEWORKS_FOLDER_PATH}/PhoneNumberKit.framework",
				"${TARGET_BUILD_DIR}/${FRAMEWORKS_FOLDER_PATH}/SnapKit.framework",
			);
			runOnlyForDeploymentPostprocessing = 0;
			shellPath = /bin/sh;
			shellScript = "\"${SRCROOT}/Pods/Target Support Files/Pods-NewStartPart/Pods-NewStartPart-frameworks.sh\"\n";
			showEnvVarsInLog = 0;
		};
		B313A262DBABB73F60FE9FCD /* [CP] Copy Pods Resources */ = {
			isa = PBXShellScriptBuildPhase;
			buildActionMask = 2147483647;
			files = (
			);
			inputFileListPaths = (
			);
			inputPaths = (
			);
			name = "[CP] Copy Pods Resources";
			outputFileListPaths = (
			);
			outputPaths = (
			);
			runOnlyForDeploymentPostprocessing = 0;
			shellPath = /bin/sh;
			shellScript = "\"${SRCROOT}/Pods/Target Support Files/Pods-NewStartPart/Pods-NewStartPart-resources.sh\"\n";
			showEnvVarsInLog = 0;
		};
/* End PBXShellScriptBuildPhase section */

/* Begin PBXSourcesBuildPhase section */
		8E2DBF1022CD25DA00EC71FD /* Sources */ = {
			isa = PBXSourcesBuildPhase;
			buildActionMask = 2147483647;
			files = (
				8E1DB09B22D548CD004E93BD /* String.swift in Sources */,
				8E1DB09922D5430C004E93BD /* UIColor.swift in Sources */,
				8EB6969E22D94F6300A988C1 /* TYButton.swift in Sources */,
				10B779CA22D4E0B6004E1532 /* Country.swift in Sources */,
				1030CDE322D2DE4E00F5154E /* TYInput.swift in Sources */,
				8EB78C8F22DD23D300C208C5 /* SpinView.swift in Sources */,
				8ED0415522DEA64E00BA795F /* APIService.swift in Sources */,
				1030CDE522D2E3E700F5154E /* TYTextField.swift in Sources */,
				8E1DB09D22D55AB2004E93BD /* TYCodeTextField.swift in Sources */,
				8ED0415122DE39ED00BA795F /* StartBaseViewController.swift in Sources */,
				1030CDE822D2E73F00F5154E /* UIView.swift in Sources */,
				8EB78C9122DD539700C208C5 /* UIImage.swift in Sources */,
				8E1DB09622D51157004E93BD /* UIFont.swift in Sources */,
				8ED0415322DE952A00BA795F /* Validator.swift in Sources */,
				8E2DBF2E22CD4CC600EC71FD /* TYLabel.swift in Sources */,
				8E2DBF1C22CD25DA00EC71FD /* ViewController.swift in Sources */,
				8ED0414E22DE38B300BA795F /* LoginViewController.swift in Sources */,
				10B779CC22D4EB27004E1532 /* CountryListController.swift in Sources */,
				8E227EA722D7BB8F009D4CA1 /* NotificationName.swift in Sources */,
				8E2DBF1822CD25DA00EC71FD /* AppDelegate.swift in Sources */,
			);
			runOnlyForDeploymentPostprocessing = 0;
		};
/* End PBXSourcesBuildPhase section */

/* Begin XCBuildConfiguration section */
		8E2DBF2622CD25DC00EC71FD /* Debug */ = {
			isa = XCBuildConfiguration;
			buildSettings = {
				ALWAYS_SEARCH_USER_PATHS = NO;
				CLANG_ANALYZER_NONNULL = YES;
				CLANG_ANALYZER_NUMBER_OBJECT_CONVERSION = YES_AGGRESSIVE;
				CLANG_CXX_LANGUAGE_STANDARD = "gnu++14";
				CLANG_CXX_LIBRARY = "libc++";
				CLANG_ENABLE_MODULES = YES;
				CLANG_ENABLE_OBJC_ARC = YES;
				CLANG_ENABLE_OBJC_WEAK = YES;
				CLANG_WARN_BLOCK_CAPTURE_AUTORELEASING = YES;
				CLANG_WARN_BOOL_CONVERSION = YES;
				CLANG_WARN_COMMA = YES;
				CLANG_WARN_CONSTANT_CONVERSION = YES;
				CLANG_WARN_DEPRECATED_OBJC_IMPLEMENTATIONS = YES;
				CLANG_WARN_DIRECT_OBJC_ISA_USAGE = YES_ERROR;
				CLANG_WARN_DOCUMENTATION_COMMENTS = YES;
				CLANG_WARN_EMPTY_BODY = YES;
				CLANG_WARN_ENUM_CONVERSION = YES;
				CLANG_WARN_INFINITE_RECURSION = YES;
				CLANG_WARN_INT_CONVERSION = YES;
				CLANG_WARN_NON_LITERAL_NULL_CONVERSION = YES;
				CLANG_WARN_OBJC_IMPLICIT_RETAIN_SELF = YES;
				CLANG_WARN_OBJC_LITERAL_CONVERSION = YES;
				CLANG_WARN_OBJC_ROOT_CLASS = YES_ERROR;
				CLANG_WARN_RANGE_LOOP_ANALYSIS = YES;
				CLANG_WARN_STRICT_PROTOTYPES = YES;
				CLANG_WARN_SUSPICIOUS_MOVE = YES;
				CLANG_WARN_UNGUARDED_AVAILABILITY = YES_AGGRESSIVE;
				CLANG_WARN_UNREACHABLE_CODE = YES;
				CLANG_WARN__DUPLICATE_METHOD_MATCH = YES;
				COPY_PHASE_STRIP = NO;
				DEBUG_INFORMATION_FORMAT = dwarf;
				ENABLE_STRICT_OBJC_MSGSEND = YES;
				ENABLE_TESTABILITY = YES;
				GCC_C_LANGUAGE_STANDARD = gnu11;
				GCC_DYNAMIC_NO_PIC = NO;
				GCC_NO_COMMON_BLOCKS = YES;
				GCC_OPTIMIZATION_LEVEL = 0;
				GCC_PREPROCESSOR_DEFINITIONS = (
					"DEBUG=1",
					"$(inherited)",
				);
				GCC_WARN_64_TO_32_BIT_CONVERSION = YES;
				GCC_WARN_ABOUT_RETURN_TYPE = YES_ERROR;
				GCC_WARN_UNDECLARED_SELECTOR = YES;
				GCC_WARN_UNINITIALIZED_AUTOS = YES_AGGRESSIVE;
				GCC_WARN_UNUSED_FUNCTION = YES;
				GCC_WARN_UNUSED_VARIABLE = YES;
				IPHONEOS_DEPLOYMENT_TARGET = 13.0;
				MTL_ENABLE_DEBUG_INFO = INCLUDE_SOURCE;
				MTL_FAST_MATH = YES;
				ONLY_ACTIVE_ARCH = YES;
				SDKROOT = iphoneos;
				SWIFT_ACTIVE_COMPILATION_CONDITIONS = DEBUG;
				SWIFT_OPTIMIZATION_LEVEL = "-Onone";
			};
			name = Debug;
		};
		8E2DBF2722CD25DC00EC71FD /* Release */ = {
			isa = XCBuildConfiguration;
			buildSettings = {
				ALWAYS_SEARCH_USER_PATHS = NO;
				CLANG_ANALYZER_NONNULL = YES;
				CLANG_ANALYZER_NUMBER_OBJECT_CONVERSION = YES_AGGRESSIVE;
				CLANG_CXX_LANGUAGE_STANDARD = "gnu++14";
				CLANG_CXX_LIBRARY = "libc++";
				CLANG_ENABLE_MODULES = YES;
				CLANG_ENABLE_OBJC_ARC = YES;
				CLANG_ENABLE_OBJC_WEAK = YES;
				CLANG_WARN_BLOCK_CAPTURE_AUTORELEASING = YES;
				CLANG_WARN_BOOL_CONVERSION = YES;
				CLANG_WARN_COMMA = YES;
				CLANG_WARN_CONSTANT_CONVERSION = YES;
				CLANG_WARN_DEPRECATED_OBJC_IMPLEMENTATIONS = YES;
				CLANG_WARN_DIRECT_OBJC_ISA_USAGE = YES_ERROR;
				CLANG_WARN_DOCUMENTATION_COMMENTS = YES;
				CLANG_WARN_EMPTY_BODY = YES;
				CLANG_WARN_ENUM_CONVERSION = YES;
				CLANG_WARN_INFINITE_RECURSION = YES;
				CLANG_WARN_INT_CONVERSION = YES;
				CLANG_WARN_NON_LITERAL_NULL_CONVERSION = YES;
				CLANG_WARN_OBJC_IMPLICIT_RETAIN_SELF = YES;
				CLANG_WARN_OBJC_LITERAL_CONVERSION = YES;
				CLANG_WARN_OBJC_ROOT_CLASS = YES_ERROR;
				CLANG_WARN_RANGE_LOOP_ANALYSIS = YES;
				CLANG_WARN_STRICT_PROTOTYPES = YES;
				CLANG_WARN_SUSPICIOUS_MOVE = YES;
				CLANG_WARN_UNGUARDED_AVAILABILITY = YES_AGGRESSIVE;
				CLANG_WARN_UNREACHABLE_CODE = YES;
				CLANG_WARN__DUPLICATE_METHOD_MATCH = YES;
				COPY_PHASE_STRIP = NO;
				DEBUG_INFORMATION_FORMAT = "dwarf-with-dsym";
				ENABLE_NS_ASSERTIONS = NO;
				ENABLE_STRICT_OBJC_MSGSEND = YES;
				GCC_C_LANGUAGE_STANDARD = gnu11;
				GCC_NO_COMMON_BLOCKS = YES;
				GCC_WARN_64_TO_32_BIT_CONVERSION = YES;
				GCC_WARN_ABOUT_RETURN_TYPE = YES_ERROR;
				GCC_WARN_UNDECLARED_SELECTOR = YES;
				GCC_WARN_UNINITIALIZED_AUTOS = YES_AGGRESSIVE;
				GCC_WARN_UNUSED_FUNCTION = YES;
				GCC_WARN_UNUSED_VARIABLE = YES;
				IPHONEOS_DEPLOYMENT_TARGET = 13.0;
				MTL_ENABLE_DEBUG_INFO = NO;
				MTL_FAST_MATH = YES;
				SDKROOT = iphoneos;
				SWIFT_COMPILATION_MODE = wholemodule;
				SWIFT_OPTIMIZATION_LEVEL = "-O";
				VALIDATE_PRODUCT = YES;
			};
			name = Release;
		};
		8E2DBF2922CD25DC00EC71FD /* Debug */ = {
			isa = XCBuildConfiguration;
			baseConfigurationReference = 9BAE0BA8926FB694949C6F6A /* Pods-NewStartPart.debug.xcconfig */;
			buildSettings = {
				ASSETCATALOG_COMPILER_APPICON_NAME = AppIcon;
				CODE_SIGN_STYLE = Automatic;
				DEVELOPMENT_TEAM = DKH5D278T8;
				INFOPLIST_FILE = NewStartPart/Info.plist;
				IPHONEOS_DEPLOYMENT_TARGET = 10.0;
				LD_RUNPATH_SEARCH_PATHS = (
					"$(inherited)",
					"@executable_path/Frameworks",
				);
				PRODUCT_BUNDLE_IDENTIFIER = com.werur.NewStartPart;
				PRODUCT_NAME = "$(TARGET_NAME)";
				SWIFT_VERSION = 4.0;
				TARGETED_DEVICE_FAMILY = "1,2";
			};
			name = Debug;
		};
		8E2DBF2A22CD25DC00EC71FD /* Release */ = {
			isa = XCBuildConfiguration;
			baseConfigurationReference = D69069F5513A3F160C23F628 /* Pods-NewStartPart.release.xcconfig */;
			buildSettings = {
				ASSETCATALOG_COMPILER_APPICON_NAME = AppIcon;
				CODE_SIGN_STYLE = Automatic;
				DEVELOPMENT_TEAM = DKH5D278T8;
				INFOPLIST_FILE = NewStartPart/Info.plist;
				IPHONEOS_DEPLOYMENT_TARGET = 10.0;
				LD_RUNPATH_SEARCH_PATHS = (
					"$(inherited)",
					"@executable_path/Frameworks",
				);
				PRODUCT_BUNDLE_IDENTIFIER = com.werur.NewStartPart;
				PRODUCT_NAME = "$(TARGET_NAME)";
				SWIFT_VERSION = 4.0;
				TARGETED_DEVICE_FAMILY = "1,2";
			};
			name = Release;
		};
/* End XCBuildConfiguration section */

/* Begin XCConfigurationList section */
		8E2DBF0F22CD25DA00EC71FD /* Build configuration list for PBXProject "NewStartPart" */ = {
			isa = XCConfigurationList;
			buildConfigurations = (
				8E2DBF2622CD25DC00EC71FD /* Debug */,
				8E2DBF2722CD25DC00EC71FD /* Release */,
			);
			defaultConfigurationIsVisible = 0;
			defaultConfigurationName = Release;
		};
		8E2DBF2822CD25DC00EC71FD /* Build configuration list for PBXNativeTarget "NewStartPart" */ = {
			isa = XCConfigurationList;
			buildConfigurations = (
				8E2DBF2922CD25DC00EC71FD /* Debug */,
				8E2DBF2A22CD25DC00EC71FD /* Release */,
			);
			defaultConfigurationIsVisible = 0;
			defaultConfigurationName = Release;
		};
/* End XCConfigurationList section */
	};
	rootObject = 8E2DBF0C22CD25DA00EC71FD /* Project object */;
}
