// !$*UTF8*$!
{
	archiveVersion = 1;
	classes = {
	};
	objectVersion = 50;
	objects = {

/* Begin PBXBuildFile section */
		8E2DBF1822CD25DA00EC71FD /* AppDelegate.swift in Sources */ = {isa = PBXBuildFile; fileRef = 8E2DBF1722CD25DA00EC71FD /* AppDelegate.swift */; };
		8E2DBF1C22CD25DA00EC71FD /* ViewController.swift in Sources */ = {isa = PBXBuildFile; fileRef = 8E2DBF1B22CD25DA00EC71FD /* ViewController.swift */; };
		8E2DBF2122CD25DC00EC71FD /* Assets.xcassets in Resources */ = {isa = PBXBuildFile; fileRef = 8E2DBF2022CD25DC00EC71FD /* Assets.xcassets */; };
		8E2DBF2C22CD315500EC71FD /* TYInput.swift in Sources */ = {isa = PBXBuildFile; fileRef = 8E2DBF2B22CD315500EC71FD /* TYInput.swift */; };
		8E2DBF2E22CD4CC600EC71FD /* TYLabel.swift in Sources */ = {isa = PBXBuildFile; fileRef = 8E2DBF2D22CD4CC600EC71FD /* TYLabel.swift */; };
/* End PBXBuildFile section */

/* Begin PBXFileReference section */
		8E2DBF1422CD25DA00EC71FD /* NewStartPart.app */ = {isa = PBXFileReference; explicitFileType = wrapper.application; includeInIndex = 0; path = NewStartPart.app; sourceTree = BUILT_PRODUCTS_DIR; };
		8E2DBF1722CD25DA00EC71FD /* AppDelegate.swift */ = {isa = PBXFileReference; lastKnownFileType = sourcecode.swift; path = AppDelegate.swift; sourceTree = "<group>"; };
		8E2DBF1B22CD25DA00EC71FD /* ViewController.swift */ = {isa = PBXFileReference; lastKnownFileType = sourcecode.swift; path = ViewController.swift; sourceTree = "<group>"; };
		8E2DBF2022CD25DC00EC71FD /* Assets.xcassets */ = {isa = PBXFileReference; lastKnownFileType = folder.assetcatalog; path = Assets.xcassets; sourceTree = "<group>"; };
		8E2DBF2522CD25DC00EC71FD /* Info.plist */ = {isa = PBXFileReference; lastKnownFileType = text.plist.xml; path = Info.plist; sourceTree = "<group>"; };
		8E2DBF2B22CD315500EC71FD /* TYInput.swift */ = {isa = PBXFileReference; lastKnownFileType = sourcecode.swift; path = TYInput.swift; sourceTree = "<group>"; };
		8E2DBF2D22CD4CC600EC71FD /* TYLabel.swift */ = {isa = PBXFileReference; lastKnownFileType = sourcecode.swift; path = TYLabel.swift; sourceTree = "<group>"; };
/* End PBXFileReference section */

/* Begin PBXFrameworksBuildPhase section */
		8E2DBF1122CD25DA00EC71FD /* Frameworks */ = {
			isa = PBXFrameworksBuildPhase;
			buildActionMask = 2147483647;
			files = (
			);
			runOnlyForDeploymentPostprocessing = 0;
		};
/* End PBXFrameworksBuildPhase section */

/* Begin PBXGroup section */
		8E2DBF0B22CD25DA00EC71FD = {
			isa = PBXGroup;
			children = (
				8E2DBF1622CD25DA00EC71FD /* NewStartPart */,
				8E2DBF1522CD25DA00EC71FD /* Products */,
			);
			sourceTree = "<group>";
		};
		8E2DBF1522CD25DA00EC71FD /* Products */ = {
			isa = PBXGroup;
			children = (
				8E2DBF1422CD25DA00EC71FD /* NewStartPart.app */,
			);
			name = Products;
			sourceTree = "<group>";
		};
		8E2DBF1622CD25DA00EC71FD /* NewStartPart */ = {
			isa = PBXGroup;
			children = (
				8E2DBF1722CD25DA00EC71FD /* AppDelegate.swift */,
				8E2DBF1B22CD25DA00EC71FD /* ViewController.swift */,
				8E2DBF2B22CD315500EC71FD /* TYInput.swift */,
				8E2DBF2D22CD4CC600EC71FD /* TYLabel.swift */,
				8E2DBF2022CD25DC00EC71FD /* Assets.xcassets */,
				8E2DBF2522CD25DC00EC71FD /* Info.plist */,
			);
			path = NewStartPart;
			sourceTree = "<group>";
		};
/* End PBXGroup section */

/* Begin PBXNativeTarget section */
		8E2DBF1322CD25DA00EC71FD /* NewStartPart */ = {
			isa = PBXNativeTarget;
			buildConfigurationList = 8E2DBF2822CD25DC00EC71FD /* Build configuration list for PBXNativeTarget "NewStartPart" */;
			buildPhases = (
				8E2DBF1022CD25DA00EC71FD /* Sources */,
				8E2DBF1122CD25DA00EC71FD /* Frameworks */,
				8E2DBF1222CD25DA00EC71FD /* Resources */,
			);
			buildRules = (
			);
			dependencies = (
			);
			name = NewStartPart;
			productName = NewStartPart;
			productReference = 8E2DBF1422CD25DA00EC71FD /* NewStartPart.app */;
			productType = "com.apple.product-type.application";
		};
/* End PBXNativeTarget section */

/* Begin PBXProject section */
		8E2DBF0C22CD25DA00EC71FD /* Project object */ = {
			isa = PBXProject;
			attributes = {
				LastSwiftUpdateCheck = 1100;
				LastUpgradeCheck = 1100;
				ORGANIZATIONNAME = "Yi Tong";
				TargetAttributes = {
					8E2DBF1322CD25DA00EC71FD = {
						CreatedOnToolsVersion = 11.0;
					};
				};
			};
			buildConfigurationList = 8E2DBF0F22CD25DA00EC71FD /* Build configuration list for PBXProject "NewStartPart" */;
			compatibilityVersion = "Xcode 9.3";
			developmentRegion = en;
			hasScannedForEncodings = 0;
			knownRegions = (
				en,
				Base,
			);
			mainGroup = 8E2DBF0B22CD25DA00EC71FD;
			productRefGroup = 8E2DBF1522CD25DA00EC71FD /* Products */;
			projectDirPath = "";
			projectRoot = "";
			targets = (
				8E2DBF1322CD25DA00EC71FD /* NewStartPart */,
			);
		};
/* End PBXProject section */

/* Begin PBXResourcesBuildPhase section */
		8E2DBF1222CD25DA00EC71FD /* Resources */ = {
			isa = PBXResourcesBuildPhase;
			buildActionMask = 2147483647;
			files = (
				8E2DBF2122CD25DC00EC71FD /* Assets.xcassets in Resources */,
			);
			runOnlyForDeploymentPostprocessing = 0;
		};
/* End PBXResourcesBuildPhase section */

/* Begin PBXSourcesBuildPhase section */
		8E2DBF1022CD25DA00EC71FD /* Sources */ = {
			isa = PBXSourcesBuildPhase;
			buildActionMask = 2147483647;
			files = (
				8E2DBF2C22CD315500EC71FD /* TYInput.swift in Sources */,
				8E2DBF2E22CD4CC600EC71FD /* TYLabel.swift in Sources */,
				8E2DBF1C22CD25DA00EC71FD /* ViewController.swift in Sources */,
				8E2DBF1822CD25DA00EC71FD /* AppDelegate.swift in Sources */,
			);
			runOnlyForDeploymentPostprocessing = 0;
		};
/* End PBXSourcesBuildPhase section */

/* Begin XCBuildConfiguration section */
		8E2DBF2622CD25DC00EC71FD /* Debug */ = {
			isa = XCBuildConfiguration;
			buildSettings = {
				ALWAYS_SEARCH_USER_PATHS = NO;
				CLANG_ANALYZER_NONNULL = YES;
				CLANG_ANALYZER_NUMBER_OBJECT_CONVERSION = YES_AGGRESSIVE;
				CLANG_CXX_LANGUAGE_STANDARD = "gnu++14";
				CLANG_CXX_LIBRARY = "libc++";
				CLANG_ENABLE_MODULES = YES;
				CLANG_ENABLE_OBJC_ARC = YES;
				CLANG_ENABLE_OBJC_WEAK = YES;
				CLANG_WARN_BLOCK_CAPTURE_AUTORELEASING = YES;
				CLANG_WARN_BOOL_CONVERSION = YES;
				CLANG_WARN_COMMA = YES;
				CLANG_WARN_CONSTANT_CONVERSION = YES;
				CLANG_WARN_DEPRECATED_OBJC_IMPLEMENTATIONS = YES;
				CLANG_WARN_DIRECT_OBJC_ISA_USAGE = YES_ERROR;
				CLANG_WARN_DOCUMENTATION_COMMENTS = YES;
				CLANG_WARN_EMPTY_BODY = YES;
				CLANG_WARN_ENUM_CONVERSION = YES;
				CLANG_WARN_INFINITE_RECURSION = YES;
				CLANG_WARN_INT_CONVERSION = YES;
				CLANG_WARN_NON_LITERAL_NULL_CONVERSION = YES;
				CLANG_WARN_OBJC_IMPLICIT_RETAIN_SELF = YES;
				CLANG_WARN_OBJC_LITERAL_CONVERSION = YES;
				CLANG_WARN_OBJC_ROOT_CLASS = YES_ERROR;
				CLANG_WARN_RANGE_LOOP_ANALYSIS = YES;
				CLANG_WARN_STRICT_PROTOTYPES = YES;
				CLANG_WARN_SUSPICIOUS_MOVE = YES;
				CLANG_WARN_UNGUARDED_AVAILABILITY = YES_AGGRESSIVE;
				CLANG_WARN_UNREACHABLE_CODE = YES;
				CLANG_WARN__DUPLICATE_METHOD_MATCH = YES;
				COPY_PHASE_STRIP = NO;
				DEBUG_INFORMATION_FORMAT = dwarf;
				ENABLE_STRICT_OBJC_MSGSEND = YES;
				ENABLE_TESTABILITY = YES;
				GCC_C_LANGUAGE_STANDARD = gnu11;
				GCC_DYNAMIC_NO_PIC = NO;
				GCC_NO_COMMON_BLOCKS = YES;
				GCC_OPTIMIZATION_LEVEL = 0;
				GCC_PREPROCESSOR_DEFINITIONS = (
					"DEBUG=1",
					"$(inherited)",
				);
				GCC_WARN_64_TO_32_BIT_CONVERSION = YES;
				GCC_WARN_ABOUT_RETURN_TYPE = YES_ERROR;
				GCC_WARN_UNDECLARED_SELECTOR = YES;
				GCC_WARN_UNINITIALIZED_AUTOS = YES_AGGRESSIVE;
				GCC_WARN_UNUSED_FUNCTION = YES;
				GCC_WARN_UNUSED_VARIABLE = YES;
				IPHONEOS_DEPLOYMENT_TARGET = 13.0;
				MTL_ENABLE_DEBUG_INFO = INCLUDE_SOURCE;
				MTL_FAST_MATH = YES;
				ONLY_ACTIVE_ARCH = YES;
				SDKROOT = iphoneos;
				SWIFT_ACTIVE_COMPILATION_CONDITIONS = DEBUG;
				SWIFT_OPTIMIZATION_LEVEL = "-Onone";
			};
			name = Debug;
		};
		8E2DBF2722CD25DC00EC71FD /* Release */ = {
			isa = XCBuildConfiguration;
			buildSettings = {
				ALWAYS_SEARCH_USER_PATHS = NO;
				CLANG_ANALYZER_NONNULL = YES;
				CLANG_ANALYZER_NUMBER_OBJECT_CONVERSION = YES_AGGRESSIVE;
				CLANG_CXX_LANGUAGE_STANDARD = "gnu++14";
				CLANG_CXX_LIBRARY = "libc++";
				CLANG_ENABLE_MODULES = YES;
				CLANG_ENABLE_OBJC_ARC = YES;
				CLANG_ENABLE_OBJC_WEAK = YES;
				CLANG_WARN_BLOCK_CAPTURE_AUTORELEASING = YES;
				CLANG_WARN_BOOL_CONVERSION = YES;
				CLANG_WARN_COMMA = YES;
				CLANG_WARN_CONSTANT_CONVERSION = YES;
				CLANG_WARN_DEPRECATED_OBJC_IMPLEMENTATIONS = YES;
				CLANG_WARN_DIRECT_OBJC_ISA_USAGE = YES_ERROR;
				CLANG_WARN_DOCUMENTATION_COMMENTS = YES;
				CLANG_WARN_EMPTY_BODY = YES;
				CLANG_WARN_ENUM_CONVERSION = YES;
				CLANG_WARN_INFINITE_RECURSION = YES;
				CLANG_WARN_INT_CONVERSION = YES;
				CLANG_WARN_NON_LITERAL_NULL_CONVERSION = YES;
				CLANG_WARN_OBJC_IMPLICIT_RETAIN_SELF = YES;
				CLANG_WARN_OBJC_LITERAL_CONVERSION = YES;
				CLANG_WARN_OBJC_ROOT_CLASS = YES_ERROR;
				CLANG_WARN_RANGE_LOOP_ANALYSIS = YES;
				CLANG_WARN_STRICT_PROTOTYPES = YES;
				CLANG_WARN_SUSPICIOUS_MOVE = YES;
				CLANG_WARN_UNGUARDED_AVAILABILITY = YES_AGGRESSIVE;
				CLANG_WARN_UNREACHABLE_CODE = YES;
				CLANG_WARN__DUPLICATE_METHOD_MATCH = YES;
				COPY_PHASE_STRIP = NO;
				DEBUG_INFORMATION_FORMAT = "dwarf-with-dsym";
				ENABLE_NS_ASSERTIONS = NO;
				ENABLE_STRICT_OBJC_MSGSEND = YES;
				GCC_C_LANGUAGE_STANDARD = gnu11;
				GCC_NO_COMMON_BLOCKS = YES;
				GCC_WARN_64_TO_32_BIT_CONVERSION = YES;
				GCC_WARN_ABOUT_RETURN_TYPE = YES_ERROR;
				GCC_WARN_UNDECLARED_SELECTOR = YES;
				GCC_WARN_UNINITIALIZED_AUTOS = YES_AGGRESSIVE;
				GCC_WARN_UNUSED_FUNCTION = YES;
				GCC_WARN_UNUSED_VARIABLE = YES;
				IPHONEOS_DEPLOYMENT_TARGET = 13.0;
				MTL_ENABLE_DEBUG_INFO = NO;
				MTL_FAST_MATH = YES;
				SDKROOT = iphoneos;
				SWIFT_COMPILATION_MODE = wholemodule;
				SWIFT_OPTIMIZATION_LEVEL = "-O";
				VALIDATE_PRODUCT = YES;
			};
			name = Release;
		};
		8E2DBF2922CD25DC00EC71FD /* Debug */ = {
			isa = XCBuildConfiguration;
			buildSettings = {
				ASSETCATALOG_COMPILER_APPICON_NAME = AppIcon;
				CODE_SIGN_STYLE = Automatic;
				DEVELOPMENT_TEAM = DKH5D278T8;
				INFOPLIST_FILE = NewStartPart/Info.plist;
				IPHONEOS_DEPLOYMENT_TARGET = 10.0;
				LD_RUNPATH_SEARCH_PATHS = (
					"$(inherited)",
					"@executable_path/Frameworks",
				);
				PRODUCT_BUNDLE_IDENTIFIER = com.werur.NewStartPart;
				PRODUCT_NAME = "$(TARGET_NAME)";
				SWIFT_VERSION = 4.2;
				TARGETED_DEVICE_FAMILY = "1,2";
			};
			name = Debug;
		};
		8E2DBF2A22CD25DC00EC71FD /* Release */ = {
			isa = XCBuildConfiguration;
			buildSettings = {
				ASSETCATALOG_COMPILER_APPICON_NAME = AppIcon;
				CODE_SIGN_STYLE = Automatic;
				DEVELOPMENT_TEAM = DKH5D278T8;
				INFOPLIST_FILE = NewStartPart/Info.plist;
				IPHONEOS_DEPLOYMENT_TARGET = 10.0;
				LD_RUNPATH_SEARCH_PATHS = (
					"$(inherited)",
					"@executable_path/Frameworks",
				);
				PRODUCT_BUNDLE_IDENTIFIER = com.werur.NewStartPart;
				PRODUCT_NAME = "$(TARGET_NAME)";
				SWIFT_VERSION = 4.2;
				TARGETED_DEVICE_FAMILY = "1,2";
			};
			name = Release;
		};
/* End XCBuildConfiguration section */

/* Begin XCConfigurationList section */
		8E2DBF0F22CD25DA00EC71FD /* Build configuration list for PBXProject "NewStartPart" */ = {
			isa = XCConfigurationList;
			buildConfigurations = (
				8E2DBF2622CD25DC00EC71FD /* Debug */,
				8E2DBF2722CD25DC00EC71FD /* Release */,
			);
			defaultConfigurationIsVisible = 0;
			defaultConfigurationName = Release;
		};
		8E2DBF2822CD25DC00EC71FD /* Build configuration list for PBXNativeTarget "NewStartPart" */ = {
			isa = XCConfigurationList;
			buildConfigurations = (
				8E2DBF2922CD25DC00EC71FD /* Debug */,
				8E2DBF2A22CD25DC00EC71FD /* Release */,
			);
			defaultConfigurationIsVisible = 0;
			defaultConfigurationName = Release;
		};
/* End XCConfigurationList section */
	};
	rootObject = 8E2DBF0C22CD25DA00EC71FD /* Project object */;
}
